
Microsoft Visual Studio Solution File, Format Version 12.00
# Visual Studio Version 17
VisualStudioVersion = 17.9.34622.214
MinimumVisualStudioVersion = 10.0.40219.1
Project("{FAE04EC0-301F-11D3-BF4B-00C04F79EFBC}") = "App_Venta", "App_Venta\App_Venta.csproj", "{3D36BE5E-D481-46E1-906B-12AFF997DF9F}"
EndProject
Global
	GlobalSection(SolutionConfigurationPlatforms) = preSolution
		Debug|Any CPU = Debug|Any CPU
		Release|Any CPU = Release|Any CPU
	EndGlobalSection
	GlobalSection(ProjectConfigurationPlatforms) = postSolution
		{3D36BE5E-D481-46E1-906B-12AFF997DF9F}.Debug|Any CPU.ActiveCfg = Debug|Any CPU
		{3D36BE5E-D481-46E1-906B-12AFF997DF9F}.Debug|Any CPU.Build.0 = Debug|Any CPU
		{3D36BE5E-D481-46E1-906B-12AFF997DF9F}.Release|Any CPU.ActiveCfg = Release|Any CPU
		{3D36BE5E-D481-46E1-906B-12AFF997DF9F}.Release|Any CPU.Build.0 = Release|Any CPU
	EndGlobalSection
	GlobalSection(SolutionProperties) = preSolution
		HideSolutionNode = FALSE
	EndGlobalSection
	GlobalSection(ExtensibilityGlobals) = postSolution
		SolutionGuid = {4038C10B-BEF1-4C90-95DF-FC79ABB18D45}
	EndGlobalSection
EndGlobal
